
Microsoft Visual Studio Solution File, Format Version 12.00
# Visual Studio Version 16
VisualStudioVersion = 25.0.1704.4
MinimumVisualStudioVersion = 10.0.40219.1
Project("{FAE04EC0-301F-11D3-BF4B-00C04F79EFBC}") = "Use-attributes", "Use-attributes.csproj", "{67909733-0E5A-4C9A-87DC-ACC7B468DDF5}"
EndProject
Global
	GlobalSection(SolutionConfigurationPlatforms) = preSolution
		Debug|Any CPU = Debug|Any CPU
		Release|Any CPU = Release|Any CPU
	EndGlobalSection
	GlobalSection(ProjectConfigurationPlatforms) = postSolution
		{67909733-0E5A-4C9A-87DC-ACC7B468DDF5}.Debug|Any CPU.ActiveCfg = Debug|Any CPU
		{67909733-0E5A-4C9A-87DC-ACC7B468DDF5}.Debug|Any CPU.Build.0 = Debug|Any CPU
		{67909733-0E5A-4C9A-87DC-ACC7B468DDF5}.Release|Any CPU.ActiveCfg = Release|Any CPU
		{67909733-0E5A-4C9A-87DC-ACC7B468DDF5}.Release|Any CPU.Build.0 = Release|Any CPU
	EndGlobalSection
	GlobalSection(SolutionProperties) = preSolution
		HideSolutionNode = FALSE
	EndGlobalSection
	GlobalSection(ExtensibilityGlobals) = postSolution
		SolutionGuid = {930DA4FE-83DE-41AB-BA24-C2FFD9DE92A2}
	EndGlobalSection
EndGlobal
