
Microsoft Visual Studio Solution File, Format Version 12.00
# Visual Studio Version 16
VisualStudioVersion = 25.0.1704.4
MinimumVisualStudioVersion = 10.0.40219.1
Project("{FAE04EC0-301F-11D3-BF4B-00C04F79EFBC}") = "Explore-string-interpolation", "Explore-string-interpolation.csproj", "{4020729D-9071-4394-8B90-BD3EAE59B4A4}"
EndProject
Global
	GlobalSection(SolutionConfigurationPlatforms) = preSolution
		Debug|Any CPU = Debug|Any CPU
		Release|Any CPU = Release|Any CPU
	EndGlobalSection
	GlobalSection(ProjectConfigurationPlatforms) = postSolution
		{4020729D-9071-4394-8B90-BD3EAE59B4A4}.Debug|Any CPU.ActiveCfg = Debug|Any CPU
		{4020729D-9071-4394-8B90-BD3EAE59B4A4}.Debug|Any CPU.Build.0 = Debug|Any CPU
		{4020729D-9071-4394-8B90-BD3EAE59B4A4}.Release|Any CPU.ActiveCfg = Release|Any CPU
		{4020729D-9071-4394-8B90-BD3EAE59B4A4}.Release|Any CPU.Build.0 = Release|Any CPU
	EndGlobalSection
	GlobalSection(SolutionProperties) = preSolution
		HideSolutionNode = FALSE
	EndGlobalSection
	GlobalSection(ExtensibilityGlobals) = postSolution
		SolutionGuid = {6530B094-7495-4F95-A729-51222C61720C}
	EndGlobalSection
EndGlobal
