
Microsoft Visual Studio Solution File, Format Version 12.00
# Visual Studio Version 16
VisualStudioVersion = 25.0.1704.3
MinimumVisualStudioVersion = 10.0.40219.1
Project("{FAE04EC0-301F-11D3-BF4B-00C04F79EFBC}") = "Mix-functionality-in-when-creating-classes-using-interfaces-with-default-interface-methods", "Mix-functionality-in-when-creating-classes-using-interfaces-with-default-interface-methods.csproj", "{AFF4AB8C-1CE8-4125-8372-9E8D7D3D8B5D}"
EndProject
Global
	GlobalSection(SolutionConfigurationPlatforms) = preSolution
		Debug|Any CPU = Debug|Any CPU
		Release|Any CPU = Release|Any CPU
	EndGlobalSection
	GlobalSection(ProjectConfigurationPlatforms) = postSolution
		{AFF4AB8C-1CE8-4125-8372-9E8D7D3D8B5D}.Debug|Any CPU.ActiveCfg = Debug|Any CPU
		{AFF4AB8C-1CE8-4125-8372-9E8D7D3D8B5D}.Debug|Any CPU.Build.0 = Debug|Any CPU
		{AFF4AB8C-1CE8-4125-8372-9E8D7D3D8B5D}.Release|Any CPU.ActiveCfg = Release|Any CPU
		{AFF4AB8C-1CE8-4125-8372-9E8D7D3D8B5D}.Release|Any CPU.Build.0 = Release|Any CPU
	EndGlobalSection
	GlobalSection(SolutionProperties) = preSolution
		HideSolutionNode = FALSE
	EndGlobalSection
	GlobalSection(ExtensibilityGlobals) = postSolution
		SolutionGuid = {A463F824-2BF1-4562-B7A7-7160C23EDD6C}
	EndGlobalSection
EndGlobal
